
Microsoft Visual Studio Solution File, Format Version 12.00
# Visual Studio Version 17
VisualStudioVersion = 17.11.35327.3
MinimumVisualStudioVersion = 10.0.40219.1
Project("{FAE04EC0-301F-11D3-BF4B-00C04F79EFBC}") = "PickRandomCardsUI", "PickRandomCardsUI\PickRandomCardsUI.csproj", "{EBDA400F-33E2-4C52-BD77-FA8EFC86C453}"
EndProject
Global
	GlobalSection(SolutionConfigurationPlatforms) = preSolution
		Debug|Any CPU = Debug|Any CPU
		Release|Any CPU = Release|Any CPU
	EndGlobalSection
	GlobalSection(ProjectConfigurationPlatforms) = postSolution
		{EBDA400F-33E2-4C52-BD77-FA8EFC86C453}.Debug|Any CPU.ActiveCfg = Debug|Any CPU
		{EBDA400F-33E2-4C52-BD77-FA8EFC86C453}.Debug|Any CPU.Build.0 = Debug|Any CPU
		{EBDA400F-33E2-4C52-BD77-FA8EFC86C453}.Release|Any CPU.ActiveCfg = Release|Any CPU
		{EBDA400F-33E2-4C52-BD77-FA8EFC86C453}.Release|Any CPU.Build.0 = Release|Any CPU
	EndGlobalSection
	GlobalSection(SolutionProperties) = preSolution
		HideSolutionNode = FALSE
	EndGlobalSection
	GlobalSection(ExtensibilityGlobals) = postSolution
		SolutionGuid = {5E28820C-E62F-4449-A00D-2FE3027CE697}
	EndGlobalSection
EndGlobal
